
Microsoft Visual Studio Solution File, Format Version 12.00
# Visual Studio 15
VisualStudioVersion = 15.0.28307.645
MinimumVisualStudioVersion = 10.0.40219.1
Project("{FAE04EC0-301F-11D3-BF4B-00C04F79EFBC}") = "ASP.NET_MVC_5_exercise", "ASP.NET_MVC_5_exercise\ASP.NET_MVC_5_exercise.csproj", "{B7253C5F-6C94-44C7-B3A0-90AD5BD8FD7B}"
EndProject
Global
	GlobalSection(SolutionConfigurationPlatforms) = preSolution
		Debug|Any CPU = Debug|Any CPU
		Release|Any CPU = Release|Any CPU
	EndGlobalSection
	GlobalSection(ProjectConfigurationPlatforms) = postSolution
		{B7253C5F-6C94-44C7-B3A0-90AD5BD8FD7B}.Debug|Any CPU.ActiveCfg = Debug|Any CPU
		{B7253C5F-6C94-44C7-B3A0-90AD5BD8FD7B}.Debug|Any CPU.Build.0 = Debug|Any CPU
		{B7253C5F-6C94-44C7-B3A0-90AD5BD8FD7B}.Release|Any CPU.ActiveCfg = Release|Any CPU
		{B7253C5F-6C94-44C7-B3A0-90AD5BD8FD7B}.Release|Any CPU.Build.0 = Release|Any CPU
	EndGlobalSection
	GlobalSection(SolutionProperties) = preSolution
		HideSolutionNode = FALSE
	EndGlobalSection
	GlobalSection(ExtensibilityGlobals) = postSolution
		SolutionGuid = {9013356C-5965-4E4D-B402-5FEC14CE60DF}
	EndGlobalSection
EndGlobal
